
Microsoft Visual Studio Solution File, Format Version 12.00
# Visual Studio Version 17
VisualStudioVersion = 17.0.31903.59
MinimumVisualStudioVersion = 10.0.40219.1
Project("{FAE04EC0-301F-11D3-BF4B-00C04F79EFBC}") = "API", "API\API.csproj", "{F6FF9B8F-8A2F-4879-8247-870018CC3499}"
EndProject
Project("{FAE04EC0-301F-11D3-BF4B-00C04F79EFBC}") = "Core", "Core\Core.csproj", "{F6EE85FC-131B-424D-936E-32FAB51EBF31}"
EndProject
Project("{FAE04EC0-301F-11D3-BF4B-00C04F79EFBC}") = "Infrastructure", "Infrastructure\Infrastructure.csproj", "{F8C19CC6-6954-4B3A-9BFF-3BCA5B766643}"
EndProject
Global
	GlobalSection(SolutionConfigurationPlatforms) = preSolution
		Debug|Any CPU = Debug|Any CPU
		Release|Any CPU = Release|Any CPU
	EndGlobalSection
	GlobalSection(SolutionProperties) = preSolution
		HideSolutionNode = FALSE
	EndGlobalSection
	GlobalSection(ProjectConfigurationPlatforms) = postSolution
		{F6FF9B8F-8A2F-4879-8247-870018CC3499}.Debug|Any CPU.ActiveCfg = Debug|Any CPU
		{F6FF9B8F-8A2F-4879-8247-870018CC3499}.Debug|Any CPU.Build.0 = Debug|Any CPU
		{F6FF9B8F-8A2F-4879-8247-870018CC3499}.Release|Any CPU.ActiveCfg = Release|Any CPU
		{F6FF9B8F-8A2F-4879-8247-870018CC3499}.Release|Any CPU.Build.0 = Release|Any CPU
		{F6EE85FC-131B-424D-936E-32FAB51EBF31}.Debug|Any CPU.ActiveCfg = Debug|Any CPU
		{F6EE85FC-131B-424D-936E-32FAB51EBF31}.Debug|Any CPU.Build.0 = Debug|Any CPU
		{F6EE85FC-131B-424D-936E-32FAB51EBF31}.Release|Any CPU.ActiveCfg = Release|Any CPU
		{F6EE85FC-131B-424D-936E-32FAB51EBF31}.Release|Any CPU.Build.0 = Release|Any CPU
		{F8C19CC6-6954-4B3A-9BFF-3BCA5B766643}.Debug|Any CPU.ActiveCfg = Debug|Any CPU
		{F8C19CC6-6954-4B3A-9BFF-3BCA5B766643}.Debug|Any CPU.Build.0 = Debug|Any CPU
		{F8C19CC6-6954-4B3A-9BFF-3BCA5B766643}.Release|Any CPU.ActiveCfg = Release|Any CPU
		{F8C19CC6-6954-4B3A-9BFF-3BCA5B766643}.Release|Any CPU.Build.0 = Release|Any CPU
	EndGlobalSection
EndGlobal
